
Microsoft Visual Studio Solution File, Format Version 12.00
# Visual Studio Version 17
VisualStudioVersion = 17.3.32825.248
MinimumVisualStudioVersion = 10.0.40219.1
Project("{FAE04EC0-301F-11D3-BF4B-00C04F79EFBC}") = "Class26sept", "Class26sept.csproj", "{B46E82F6-4B92-4470-902F-FD28FAC56B9A}"
EndProject
Global
	GlobalSection(SolutionConfigurationPlatforms) = preSolution
		Debug|Any CPU = Debug|Any CPU
		Release|Any CPU = Release|Any CPU
	EndGlobalSection
	GlobalSection(ProjectConfigurationPlatforms) = postSolution
		{B46E82F6-4B92-4470-902F-FD28FAC56B9A}.Debug|Any CPU.ActiveCfg = Debug|Any CPU
		{B46E82F6-4B92-4470-902F-FD28FAC56B9A}.Debug|Any CPU.Build.0 = Debug|Any CPU
		{B46E82F6-4B92-4470-902F-FD28FAC56B9A}.Release|Any CPU.ActiveCfg = Release|Any CPU
		{B46E82F6-4B92-4470-902F-FD28FAC56B9A}.Release|Any CPU.Build.0 = Release|Any CPU
	EndGlobalSection
	GlobalSection(SolutionProperties) = preSolution
		HideSolutionNode = FALSE
	EndGlobalSection
	GlobalSection(ExtensibilityGlobals) = postSolution
		SolutionGuid = {4D5AD257-B1D2-4376-886C-F94F81B5CD84}
	EndGlobalSection
EndGlobal
